
Microsoft Visual Studio Solution File, Format Version 12.00
# Visual Studio Version 17
VisualStudioVersion = 17.8.34525.116
MinimumVisualStudioVersion = 10.0.40219.1
Project("{9A19103F-16F7-4668-BE54-9A1E7A4F7556}") = "Command Line[CLI]", "Command Line[CLI].csproj", "{34B9E6AB-1F05-4296-A47A-D3AD22078B11}"
EndProject
Global
	GlobalSection(SolutionConfigurationPlatforms) = preSolution
		Debug|Any CPU = Debug|Any CPU
		Release|Any CPU = Release|Any CPU
	EndGlobalSection
	GlobalSection(ProjectConfigurationPlatforms) = postSolution
		{34B9E6AB-1F05-4296-A47A-D3AD22078B11}.Debug|Any CPU.ActiveCfg = Debug|Any CPU
		{34B9E6AB-1F05-4296-A47A-D3AD22078B11}.Debug|Any CPU.Build.0 = Debug|Any CPU
		{34B9E6AB-1F05-4296-A47A-D3AD22078B11}.Release|Any CPU.ActiveCfg = Release|Any CPU
		{34B9E6AB-1F05-4296-A47A-D3AD22078B11}.Release|Any CPU.Build.0 = Release|Any CPU
	EndGlobalSection
	GlobalSection(SolutionProperties) = preSolution
		HideSolutionNode = FALSE
	EndGlobalSection
	GlobalSection(ExtensibilityGlobals) = postSolution
		SolutionGuid = {46621CD3-1734-4B19-AAFC-99198224E01E}
	EndGlobalSection
EndGlobal
